
Microsoft Visual Studio Solution File, Format Version 12.00
# Visual Studio 15
VisualStudioVersion = 15.0.28307.572
MinimumVisualStudioVersion = 10.0.40219.1
Project("{FAE04EC0-301F-11D3-BF4B-00C04F79EFBC}") = "lab3", "lab3\lab3.csproj", "{278527EE-C2AA-46F3-8E2F-FD243E7886FB}"
EndProject
Global
	GlobalSection(SolutionConfigurationPlatforms) = preSolution
		Debug|Any CPU = Debug|Any CPU
		Release|Any CPU = Release|Any CPU
	EndGlobalSection
	GlobalSection(ProjectConfigurationPlatforms) = postSolution
		{278527EE-C2AA-46F3-8E2F-FD243E7886FB}.Debug|Any CPU.ActiveCfg = Debug|Any CPU
		{278527EE-C2AA-46F3-8E2F-FD243E7886FB}.Debug|Any CPU.Build.0 = Debug|Any CPU
		{278527EE-C2AA-46F3-8E2F-FD243E7886FB}.Release|Any CPU.ActiveCfg = Release|Any CPU
		{278527EE-C2AA-46F3-8E2F-FD243E7886FB}.Release|Any CPU.Build.0 = Release|Any CPU
	EndGlobalSection
	GlobalSection(SolutionProperties) = preSolution
		HideSolutionNode = FALSE
	EndGlobalSection
	GlobalSection(ExtensibilityGlobals) = postSolution
		SolutionGuid = {00623884-815E-4ED4-BE32-4F45633D76DC}
	EndGlobalSection
EndGlobal
